
Microsoft Visual Studio Solution File, Format Version 12.00
# Visual Studio Version 17
VisualStudioVersion = 17.4.33205.214
MinimumVisualStudioVersion = 10.0.40219.1
Project("{FAE04EC0-301F-11D3-BF4B-00C04F79EFBC}") = "BrityWorks.AddIn.Hyper-v3.0", "BrityWorks.AddIn.Hyper-v3.0\BrityWorks.AddIn.Hyper-v3.0.csproj", "{C405AC91-33CC-4F2B-BC17-62F1FFFAF122}"
EndProject
Project("{FAE04EC0-301F-11D3-BF4B-00C04F79EFBC}") = "BrityWorks.AddIn.Hyper-v2.5", "BrityWorks.AddIn.Hyper-v2.5\BrityWorks.AddIn.Hyper-v2.5.csproj", "{382C2056-308F-4F40-8EEF-02573669B705}"
EndProject
Project("{D954291E-2A0B-460D-934E-DC6B0785DB48}") = "BrityWorks.Shared", "BrityWorks.Shared\BrityWorks.Shared.shproj", "{CD4DC7F0-5C4E-4CFE-BEC0-315094F6A545}"
EndProject
Project("{FAE04EC0-301F-11D3-BF4B-00C04F79EFBC}") = "BrityWorks.AddIn.HyperInfo", "..\hyperinfo.Net\BrityWorks.AddIn.HyperInfo\BrityWorks.AddIn.HyperInfo.csproj", "{5353B9B9-0E4C-4054-A998-0AAA4406503B}"
EndProject
Project("{FAE04EC0-301F-11D3-BF4B-00C04F79EFBC}") = "BrityWorks.AddIn.Sample", "BrityWorks.AddIn.Sample\BrityWorks.AddIn.Sample.csproj", "{A4070F08-47FE-4649-BE80-20E66ED496B9}"
EndProject
Global
	GlobalSection(SolutionConfigurationPlatforms) = preSolution
		Debug|Any CPU = Debug|Any CPU
		Release|Any CPU = Release|Any CPU
	EndGlobalSection
	GlobalSection(ProjectConfigurationPlatforms) = postSolution
		{C405AC91-33CC-4F2B-BC17-62F1FFFAF122}.Debug|Any CPU.ActiveCfg = Debug|Any CPU
		{C405AC91-33CC-4F2B-BC17-62F1FFFAF122}.Debug|Any CPU.Build.0 = Debug|Any CPU
		{C405AC91-33CC-4F2B-BC17-62F1FFFAF122}.Release|Any CPU.ActiveCfg = Release|Any CPU
		{C405AC91-33CC-4F2B-BC17-62F1FFFAF122}.Release|Any CPU.Build.0 = Release|Any CPU
		{382C2056-308F-4F40-8EEF-02573669B705}.Debug|Any CPU.ActiveCfg = Debug|Any CPU
		{382C2056-308F-4F40-8EEF-02573669B705}.Debug|Any CPU.Build.0 = Debug|Any CPU
		{382C2056-308F-4F40-8EEF-02573669B705}.Release|Any CPU.ActiveCfg = Release|Any CPU
		{382C2056-308F-4F40-8EEF-02573669B705}.Release|Any CPU.Build.0 = Release|Any CPU
		{5353B9B9-0E4C-4054-A998-0AAA4406503B}.Debug|Any CPU.ActiveCfg = Debug|Any CPU
		{5353B9B9-0E4C-4054-A998-0AAA4406503B}.Debug|Any CPU.Build.0 = Debug|Any CPU
		{5353B9B9-0E4C-4054-A998-0AAA4406503B}.Release|Any CPU.ActiveCfg = Release|Any CPU
		{5353B9B9-0E4C-4054-A998-0AAA4406503B}.Release|Any CPU.Build.0 = Release|Any CPU
		{A4070F08-47FE-4649-BE80-20E66ED496B9}.Debug|Any CPU.ActiveCfg = Debug|Any CPU
		{A4070F08-47FE-4649-BE80-20E66ED496B9}.Debug|Any CPU.Build.0 = Debug|Any CPU
		{A4070F08-47FE-4649-BE80-20E66ED496B9}.Release|Any CPU.ActiveCfg = Release|Any CPU
		{A4070F08-47FE-4649-BE80-20E66ED496B9}.Release|Any CPU.Build.0 = Release|Any CPU
	EndGlobalSection
	GlobalSection(SolutionProperties) = preSolution
		HideSolutionNode = FALSE
	EndGlobalSection
	GlobalSection(ExtensibilityGlobals) = postSolution
		SolutionGuid = {D7C9324D-FC85-4956-A1DA-8D22F529A458}
	EndGlobalSection
	GlobalSection(SharedMSBuildProjectFiles) = preSolution
		BrityWorks.Shared\BrityWorks.Shared.projitems*{382c2056-308f-4f40-8eef-02573669b705}*SharedItemsImports = 4
		BrityWorks.Shared\BrityWorks.Shared.projitems*{c405ac91-33cc-4f2b-bc17-62f1fffaf122}*SharedItemsImports = 4
		BrityWorks.Shared\BrityWorks.Shared.projitems*{cd4dc7f0-5c4e-4cfe-bec0-315094f6a545}*SharedItemsImports = 13
	EndGlobalSection
EndGlobal
